
Microsoft Visual Studio Solution File, Format Version 12.00
# Visual Studio Version 16
VisualStudioVersion = 16.0.808.5
MinimumVisualStudioVersion = 10.0.40219.1
Project("{FAE04EC0-301F-11D3-BF4B-00C04F79EFBC}") = "ders15KontrolYapilari", "ders15KontrolYapilari\ders15KontrolYapilari.csproj", "{FBD78C81-377B-424B-AFEF-FA1C8B378E5C}"
EndProject
Global
	GlobalSection(SolutionConfigurationPlatforms) = preSolution
		Debug|Any CPU = Debug|Any CPU
		Release|Any CPU = Release|Any CPU
	EndGlobalSection
	GlobalSection(ProjectConfigurationPlatforms) = postSolution
		{FBD78C81-377B-424B-AFEF-FA1C8B378E5C}.Debug|Any CPU.ActiveCfg = Debug|Any CPU
		{FBD78C81-377B-424B-AFEF-FA1C8B378E5C}.Debug|Any CPU.Build.0 = Debug|Any CPU
		{FBD78C81-377B-424B-AFEF-FA1C8B378E5C}.Release|Any CPU.ActiveCfg = Release|Any CPU
		{FBD78C81-377B-424B-AFEF-FA1C8B378E5C}.Release|Any CPU.Build.0 = Release|Any CPU
	EndGlobalSection
	GlobalSection(SolutionProperties) = preSolution
		HideSolutionNode = FALSE
	EndGlobalSection
	GlobalSection(ExtensibilityGlobals) = postSolution
		SolutionGuid = {FF1B3E49-56CB-45DB-89D0-E6D5B6345032}
	EndGlobalSection
EndGlobal
